
Microsoft Visual Studio Solution File, Format Version 12.00
# Visual Studio 15
VisualStudioVersion = 15.0.27703.2026
MinimumVisualStudioVersion = 10.0.40219.1
Project("{FAE04EC0-301F-11D3-BF4B-00C04F79EFBC}") = "Reconsitution", "Reconsitution\Reconsitution.csproj", "{3A2E490D-2097-4209-8C4C-E3E5960D6580}"
EndProject
Project("{FAE04EC0-301F-11D3-BF4B-00C04F79EFBC}") = "Reconsitution_Test1", "Reconsitution_Test1\Reconsitution_Test1.csproj", "{96FA28A6-5157-408D-9F02-4403342B6E18}"
EndProject
Project("{FAE04EC0-301F-11D3-BF4B-00C04F79EFBC}") = "Reconsitution_Test2", "Reconsitution_Test2\Reconsitution_Test2.csproj", "{AADEFAE3-F144-4C5C-A4D1-7CB2CF348D27}"
EndProject
Project("{FAE04EC0-301F-11D3-BF4B-00C04F79EFBC}") = "Reconsitution_Test3", "Reconsitution_Test3\Reconsitution_Test3.csproj", "{E1523099-6B81-4080-B1AC-D1F15E232666}"
EndProject
Global
	GlobalSection(SolutionConfigurationPlatforms) = preSolution
		Debug|Any CPU = Debug|Any CPU
		Release|Any CPU = Release|Any CPU
	EndGlobalSection
	GlobalSection(ProjectConfigurationPlatforms) = postSolution
		{3A2E490D-2097-4209-8C4C-E3E5960D6580}.Debug|Any CPU.ActiveCfg = Debug|Any CPU
		{3A2E490D-2097-4209-8C4C-E3E5960D6580}.Debug|Any CPU.Build.0 = Debug|Any CPU
		{3A2E490D-2097-4209-8C4C-E3E5960D6580}.Release|Any CPU.ActiveCfg = Release|Any CPU
		{3A2E490D-2097-4209-8C4C-E3E5960D6580}.Release|Any CPU.Build.0 = Release|Any CPU
		{96FA28A6-5157-408D-9F02-4403342B6E18}.Debug|Any CPU.ActiveCfg = Debug|Any CPU
		{96FA28A6-5157-408D-9F02-4403342B6E18}.Debug|Any CPU.Build.0 = Debug|Any CPU
		{96FA28A6-5157-408D-9F02-4403342B6E18}.Release|Any CPU.ActiveCfg = Release|Any CPU
		{96FA28A6-5157-408D-9F02-4403342B6E18}.Release|Any CPU.Build.0 = Release|Any CPU
		{AADEFAE3-F144-4C5C-A4D1-7CB2CF348D27}.Debug|Any CPU.ActiveCfg = Debug|Any CPU
		{AADEFAE3-F144-4C5C-A4D1-7CB2CF348D27}.Debug|Any CPU.Build.0 = Debug|Any CPU
		{AADEFAE3-F144-4C5C-A4D1-7CB2CF348D27}.Release|Any CPU.ActiveCfg = Release|Any CPU
		{AADEFAE3-F144-4C5C-A4D1-7CB2CF348D27}.Release|Any CPU.Build.0 = Release|Any CPU
		{E1523099-6B81-4080-B1AC-D1F15E232666}.Debug|Any CPU.ActiveCfg = Debug|Any CPU
		{E1523099-6B81-4080-B1AC-D1F15E232666}.Debug|Any CPU.Build.0 = Debug|Any CPU
		{E1523099-6B81-4080-B1AC-D1F15E232666}.Release|Any CPU.ActiveCfg = Release|Any CPU
		{E1523099-6B81-4080-B1AC-D1F15E232666}.Release|Any CPU.Build.0 = Release|Any CPU
	EndGlobalSection
	GlobalSection(SolutionProperties) = preSolution
		HideSolutionNode = FALSE
	EndGlobalSection
	GlobalSection(ExtensibilityGlobals) = postSolution
		SolutionGuid = {7F40ED74-0591-40C3-94DD-FC15C6D13DCC}
	EndGlobalSection
EndGlobal
